github.com/MachineMC/NBT v0.0.0-20241214121819-ee0ba3c2a2dd h1:8jiB5/cBmSBa1c3KtZlkQ1hj3ctnIm0qV+S/uyfN9BI=
github.com/MachineMC/NBT v0.0.0-20241214121819-ee0ba3c2a2dd/go.mod h1:SzSER6kJw+WqUEV3eI4bZl42oASbOno5HQPU8KA6atE=
github.com/sandertv/gophertunnel v1.31.0 h1:og9PmD8tXc0CgRJD2N/Yc3KQgYGU1XvAlOeMhfJXUDs=
github.com/sandertv/gophertunnel v1.31.0/go.mod h1:ekREo7U9TPHh86kbuPMaWA93NMyWsfVvP/iNT3XhAb8=
